
Microsoft Visual Studio Solution File, Format Version 12.00
# Visual Studio 15
Project("{FAE04EC0-301F-11D3-BF4B-00C04F79EFBC}") = "Unity.Timeline", "Unity.Timeline.csproj", "{B89F0D4D-DDD9-AFD6-624D-C2B67F0F1D69}"
EndProject
Project("{FAE04EC0-301F-11D3-BF4B-00C04F79EFBC}") = "Unity.Timeline.Editor", "Unity.Timeline.Editor.csproj", "{15D0AC0B-F089-E12B-6749-E9D99D4A2666}"
EndProject
Project("{FAE04EC0-301F-11D3-BF4B-00C04F79EFBC}") = "Unity.TextMeshPro.Editor", "Unity.TextMeshPro.Editor.csproj", "{E475ADE0-C4DC-002D-7A79-6F19030C93F7}"
EndProject
Project("{FAE04EC0-301F-11D3-BF4B-00C04F79EFBC}") = "Unity.VisualScripting.Flow", "Unity.VisualScripting.Flow.csproj", "{A80426B3-D3A5-23CB-12E7-62C7E34D2B17}"
EndProject
Project("{FAE04EC0-301F-11D3-BF4B-00C04F79EFBC}") = "UnityEditor.UI", "UnityEditor.UI.csproj", "{6FC126DA-6A65-F4CA-658B-3463511337D8}"
EndProject
Project("{FAE04EC0-301F-11D3-BF4B-00C04F79EFBC}") = "Unity.PlasticSCM.Editor", "Unity.PlasticSCM.Editor.csproj", "{1CBE18A2-6562-E76E-7655-48931D7FE991}"
EndProject
Project("{FAE04EC0-301F-11D3-BF4B-00C04F79EFBC}") = "Unity.VisualScripting.Core", "Unity.VisualScripting.Core.csproj", "{BF4B46A0-FCA9-D73E-0BEE-5F290B3C822C}"
EndProject
Project("{FAE04EC0-301F-11D3-BF4B-00C04F79EFBC}") = "Unity.VisualScripting.Core.Editor", "Unity.VisualScripting.Core.Editor.csproj", "{C563C3AF-F138-3CB0-8D0A-D0AC08C1B16E}"
EndProject
Project("{FAE04EC0-301F-11D3-BF4B-00C04F79EFBC}") = "Unity.VisualScripting.Flow.Editor", "Unity.VisualScripting.Flow.Editor.csproj", "{FF05F6C7-1703-8F16-F831-9BD12EDB055D}"
EndProject
Project("{FAE04EC0-301F-11D3-BF4B-00C04F79EFBC}") = "UnityEditor.TestRunner", "UnityEditor.TestRunner.csproj", "{7FAE80E3-3208-9EA4-79FE-1EC851AEF6DF}"
EndProject
Project("{FAE04EC0-301F-11D3-BF4B-00C04F79EFBC}") = "Unity.VisualScripting.SettingsProvider.Editor", "Unity.VisualScripting.SettingsProvider.Editor.csproj", "{CEF3C492-469C-66F1-1DA4-3F8767391383}"
EndProject
Project("{FAE04EC0-301F-11D3-BF4B-00C04F79EFBC}") = "UnityEngine.TestRunner", "UnityEngine.TestRunner.csproj", "{48F9BA79-F3DF-0CB6-26F8-C680206753EE}"
EndProject
Project("{FAE04EC0-301F-11D3-BF4B-00C04F79EFBC}") = "UnityEngine.UI", "UnityEngine.UI.csproj", "{AC36AD6A-D262-7F37-1F35-BDAF0D2D74EA}"
EndProject
Project("{FAE04EC0-301F-11D3-BF4B-00C04F79EFBC}") = "Unity.VisualStudio.Editor", "Unity.VisualStudio.Editor.csproj", "{CA0B18FE-38EC-5E5F-B127-45B534607097}"
EndProject
Project("{FAE04EC0-301F-11D3-BF4B-00C04F79EFBC}") = "Unity.TestTools.CodeCoverage.Editor.OpenCover.Model", "Unity.TestTools.CodeCoverage.Editor.OpenCover.Model.csproj", "{B8561A54-59A5-17DE-228E-F86AB80115FD}"
EndProject
Project("{FAE04EC0-301F-11D3-BF4B-00C04F79EFBC}") = "Unity.Rider.Editor", "Unity.Rider.Editor.csproj", "{C1DF59F9-31DE-049A-032C-8C7B13D49F71}"
EndProject
Project("{FAE04EC0-301F-11D3-BF4B-00C04F79EFBC}") = "Unity.VisualScripting.State.Editor", "Unity.VisualScripting.State.Editor.csproj", "{CEDD2A5C-41DE-6C8F-69F1-065309537416}"
EndProject
Project("{FAE04EC0-301F-11D3-BF4B-00C04F79EFBC}") = "Unity.TestTools.CodeCoverage.Editor", "Unity.TestTools.CodeCoverage.Editor.csproj", "{26536A3E-932B-D9AC-81D5-68C207B07DF2}"
EndProject
Project("{FAE04EC0-301F-11D3-BF4B-00C04F79EFBC}") = "Unity.VisualScripting.State", "Unity.VisualScripting.State.csproj", "{F9FDFAEA-CCE3-EE88-2FEF-7F3738CC8677}"
EndProject
Project("{FAE04EC0-301F-11D3-BF4B-00C04F79EFBC}") = "Unity.TextMeshPro", "Unity.TextMeshPro.csproj", "{E727B5BA-381D-78ED-5A83-CAB8AA4AE8DB}"
EndProject
Project("{FAE04EC0-301F-11D3-BF4B-00C04F79EFBC}") = "Unity.Performance.Profile-Analyzer.Editor", "Unity.Performance.Profile-Analyzer.Editor.csproj", "{6AA951CF-5685-7D61-92C2-3E35385D5A16}"
EndProject
Project("{FAE04EC0-301F-11D3-BF4B-00C04F79EFBC}") = "Unity.VSCode.Editor", "Unity.VSCode.Editor.csproj", "{5A568257-19DB-FDC4-282A-CD2363FF9CF8}"
EndProject
Project("{FAE04EC0-301F-11D3-BF4B-00C04F79EFBC}") = "Unity.TestTools.CodeCoverage.Editor.OpenCover.Mono.Reflection", "Unity.TestTools.CodeCoverage.Editor.OpenCover.Mono.Reflection.csproj", "{F8BCA5B7-E229-4F33-F961-C58CD3D5C3D7}"
EndProject
Project("{FAE04EC0-301F-11D3-BF4B-00C04F79EFBC}") = "Unity.Settings.Editor", "Unity.Settings.Editor.csproj", "{756F3238-40BB-D8D4-AE3D-D929506E0078}"
EndProject
Project("{FAE04EC0-301F-11D3-BF4B-00C04F79EFBC}") = "Unity.EditorCoroutines.Editor", "Unity.EditorCoroutines.Editor.csproj", "{06D1ABA0-8F97-1560-0D08-C9BBBC9DD09E}"
EndProject
Project("{FAE04EC0-301F-11D3-BF4B-00C04F79EFBC}") = "Unity.VisualScripting.Shared.Editor", "Unity.VisualScripting.Shared.Editor.csproj", "{629ADCED-EC29-A6C4-8562-D3E114C64668}"
EndProject
Project("{FAE04EC0-301F-11D3-BF4B-00C04F79EFBC}") = "Unity.CollabProxy.Editor", "Unity.CollabProxy.Editor.csproj", "{DE4EEA39-CBBF-B945-7350-CD65867BAC67}"
EndProject
Project("{FAE04EC0-301F-11D3-BF4B-00C04F79EFBC}") = "Unity.Timeline", "Unity.Timeline.Player.csproj", "{944BACE7-4829-ABDA-8824-109CC6579239}"
EndProject
Project("{FAE04EC0-301F-11D3-BF4B-00C04F79EFBC}") = "Unity.VisualScripting.Flow", "Unity.VisualScripting.Flow.Player.csproj", "{70049959-6EDD-8D37-2DB4-901C5CB4E0AC}"
EndProject
Project("{FAE04EC0-301F-11D3-BF4B-00C04F79EFBC}") = "Unity.VisualScripting.Core", "Unity.VisualScripting.Core.Player.csproj", "{13D5E37F-8242-4641-2173-DEFC65E7722D}"
EndProject
Project("{FAE04EC0-301F-11D3-BF4B-00C04F79EFBC}") = "UnityEngine.TestRunner", "UnityEngine.TestRunner.Player.csproj", "{EAC32D20-5BD7-E37B-6C53-E4D7418148A3}"
EndProject
Project("{FAE04EC0-301F-11D3-BF4B-00C04F79EFBC}") = "UnityEngine.UI", "UnityEngine.UI.Player.csproj", "{8A5A4A40-6B3D-127E-33F2-342E174AD1F9}"
EndProject
Project("{FAE04EC0-301F-11D3-BF4B-00C04F79EFBC}") = "Unity.VisualScripting.State", "Unity.VisualScripting.State.Player.csproj", "{E8EEAD34-1F8E-52F5-4F69-BB647275E2D7}"
EndProject
Project("{FAE04EC0-301F-11D3-BF4B-00C04F79EFBC}") = "Unity.TextMeshPro", "Unity.TextMeshPro.Player.csproj", "{D8E75CFD-A9BB-E659-9F37-C2BE6A280347}"
EndProject
Global
	GlobalSection(SolutionConfigurationPlatforms) = preSolution
		Debug|Any CPU = Debug|Any CPU
		Release|Any CPU = Release|Any CPU
	EndGlobalSection
	GlobalSection(ProjectConfigurationPlatforms) = postSolution
		{B89F0D4D-DDD9-AFD6-624D-C2B67F0F1D69}.Debug|Any CPU.ActiveCfg = Debug|Any CPU
		{B89F0D4D-DDD9-AFD6-624D-C2B67F0F1D69}.Debug|Any CPU.Build.0 = Debug|Any CPU
		{B89F0D4D-DDD9-AFD6-624D-C2B67F0F1D69}.Release|Any CPU.ActiveCfg = Release|Any CPU
		{B89F0D4D-DDD9-AFD6-624D-C2B67F0F1D69}.Release|Any CPU.Build.0 = Release|Any CPU
		{15D0AC0B-F089-E12B-6749-E9D99D4A2666}.Debug|Any CPU.ActiveCfg = Debug|Any CPU
		{15D0AC0B-F089-E12B-6749-E9D99D4A2666}.Debug|Any CPU.Build.0 = Debug|Any CPU
		{15D0AC0B-F089-E12B-6749-E9D99D4A2666}.Release|Any CPU.ActiveCfg = Release|Any CPU
		{15D0AC0B-F089-E12B-6749-E9D99D4A2666}.Release|Any CPU.Build.0 = Release|Any CPU
		{E475ADE0-C4DC-002D-7A79-6F19030C93F7}.Debug|Any CPU.ActiveCfg = Debug|Any CPU
		{E475ADE0-C4DC-002D-7A79-6F19030C93F7}.Debug|Any CPU.Build.0 = Debug|Any CPU
		{E475ADE0-C4DC-002D-7A79-6F19030C93F7}.Release|Any CPU.ActiveCfg = Release|Any CPU
		{E475ADE0-C4DC-002D-7A79-6F19030C93F7}.Release|Any CPU.Build.0 = Release|Any CPU
		{A80426B3-D3A5-23CB-12E7-62C7E34D2B17}.Debug|Any CPU.ActiveCfg = Debug|Any CPU
		{A80426B3-D3A5-23CB-12E7-62C7E34D2B17}.Debug|Any CPU.Build.0 = Debug|Any CPU
		{A80426B3-D3A5-23CB-12E7-62C7E34D2B17}.Release|Any CPU.ActiveCfg = Release|Any CPU
		{A80426B3-D3A5-23CB-12E7-62C7E34D2B17}.Release|Any CPU.Build.0 = Release|Any CPU
		{6FC126DA-6A65-F4CA-658B-3463511337D8}.Debug|Any CPU.ActiveCfg = Debug|Any CPU
		{6FC126DA-6A65-F4CA-658B-3463511337D8}.Debug|Any CPU.Build.0 = Debug|Any CPU
		{6FC126DA-6A65-F4CA-658B-3463511337D8}.Release|Any CPU.ActiveCfg = Release|Any CPU
		{6FC126DA-6A65-F4CA-658B-3463511337D8}.Release|Any CPU.Build.0 = Release|Any CPU
		{1CBE18A2-6562-E76E-7655-48931D7FE991}.Debug|Any CPU.ActiveCfg = Debug|Any CPU
		{1CBE18A2-6562-E76E-7655-48931D7FE991}.Debug|Any CPU.Build.0 = Debug|Any CPU
		{1CBE18A2-6562-E76E-7655-48931D7FE991}.Release|Any CPU.ActiveCfg = Release|Any CPU
		{1CBE18A2-6562-E76E-7655-48931D7FE991}.Release|Any CPU.Build.0 = Release|Any CPU
		{BF4B46A0-FCA9-D73E-0BEE-5F290B3C822C}.Debug|Any CPU.ActiveCfg = Debug|Any CPU
		{BF4B46A0-FCA9-D73E-0BEE-5F290B3C822C}.Debug|Any CPU.Build.0 = Debug|Any CPU
		{BF4B46A0-FCA9-D73E-0BEE-5F290B3C822C}.Release|Any CPU.ActiveCfg = Release|Any CPU
		{BF4B46A0-FCA9-D73E-0BEE-5F290B3C822C}.Release|Any CPU.Build.0 = Release|Any CPU
		{C563C3AF-F138-3CB0-8D0A-D0AC08C1B16E}.Debug|Any CPU.ActiveCfg = Debug|Any CPU
		{C563C3AF-F138-3CB0-8D0A-D0AC08C1B16E}.Debug|Any CPU.Build.0 = Debug|Any CPU
		{C563C3AF-F138-3CB0-8D0A-D0AC08C1B16E}.Release|Any CPU.ActiveCfg = Release|Any CPU
		{C563C3AF-F138-3CB0-8D0A-D0AC08C1B16E}.Release|Any CPU.Build.0 = Release|Any CPU
		{FF05F6C7-1703-8F16-F831-9BD12EDB055D}.Debug|Any CPU.ActiveCfg = Debug|Any CPU
		{FF05F6C7-1703-8F16-F831-9BD12EDB055D}.Debug|Any CPU.Build.0 = Debug|Any CPU
		{FF05F6C7-1703-8F16-F831-9BD12EDB055D}.Release|Any CPU.ActiveCfg = Release|Any CPU
		{FF05F6C7-1703-8F16-F831-9BD12EDB055D}.Release|Any CPU.Build.0 = Release|Any CPU
		{7FAE80E3-3208-9EA4-79FE-1EC851AEF6DF}.Debug|Any CPU.ActiveCfg = Debug|Any CPU
		{7FAE80E3-3208-9EA4-79FE-1EC851AEF6DF}.Debug|Any CPU.Build.0 = Debug|Any CPU
		{7FAE80E3-3208-9EA4-79FE-1EC851AEF6DF}.Release|Any CPU.ActiveCfg = Release|Any CPU
		{7FAE80E3-3208-9EA4-79FE-1EC851AEF6DF}.Release|Any CPU.Build.0 = Release|Any CPU
		{CEF3C492-469C-66F1-1DA4-3F8767391383}.Debug|Any CPU.ActiveCfg = Debug|Any CPU
		{CEF3C492-469C-66F1-1DA4-3F8767391383}.Debug|Any CPU.Build.0 = Debug|Any CPU
		{CEF3C492-469C-66F1-1DA4-3F8767391383}.Release|Any CPU.ActiveCfg = Release|Any CPU
		{CEF3C492-469C-66F1-1DA4-3F8767391383}.Release|Any CPU.Build.0 = Release|Any CPU
		{48F9BA79-F3DF-0CB6-26F8-C680206753EE}.Debug|Any CPU.ActiveCfg = Debug|Any CPU
		{48F9BA79-F3DF-0CB6-26F8-C680206753EE}.Debug|Any CPU.Build.0 = Debug|Any CPU
		{48F9BA79-F3DF-0CB6-26F8-C680206753EE}.Release|Any CPU.ActiveCfg = Release|Any CPU
		{48F9BA79-F3DF-0CB6-26F8-C680206753EE}.Release|Any CPU.Build.0 = Release|Any CPU
		{AC36AD6A-D262-7F37-1F35-BDAF0D2D74EA}.Debug|Any CPU.ActiveCfg = Debug|Any CPU
		{AC36AD6A-D262-7F37-1F35-BDAF0D2D74EA}.Debug|Any CPU.Build.0 = Debug|Any CPU
		{AC36AD6A-D262-7F37-1F35-BDAF0D2D74EA}.Release|Any CPU.ActiveCfg = Release|Any CPU
		{AC36AD6A-D262-7F37-1F35-BDAF0D2D74EA}.Release|Any CPU.Build.0 = Release|Any CPU
		{CA0B18FE-38EC-5E5F-B127-45B534607097}.Debug|Any CPU.ActiveCfg = Debug|Any CPU
		{CA0B18FE-38EC-5E5F-B127-45B534607097}.Debug|Any CPU.Build.0 = Debug|Any CPU
		{CA0B18FE-38EC-5E5F-B127-45B534607097}.Release|Any CPU.ActiveCfg = Release|Any CPU
		{CA0B18FE-38EC-5E5F-B127-45B534607097}.Release|Any CPU.Build.0 = Release|Any CPU
		{B8561A54-59A5-17DE-228E-F86AB80115FD}.Debug|Any CPU.ActiveCfg = Debug|Any CPU
		{B8561A54-59A5-17DE-228E-F86AB80115FD}.Debug|Any CPU.Build.0 = Debug|Any CPU
		{B8561A54-59A5-17DE-228E-F86AB80115FD}.Release|Any CPU.ActiveCfg = Release|Any CPU
		{B8561A54-59A5-17DE-228E-F86AB80115FD}.Release|Any CPU.Build.0 = Release|Any CPU
		{C1DF59F9-31DE-049A-032C-8C7B13D49F71}.Debug|Any CPU.ActiveCfg = Debug|Any CPU
		{C1DF59F9-31DE-049A-032C-8C7B13D49F71}.Debug|Any CPU.Build.0 = Debug|Any CPU
		{C1DF59F9-31DE-049A-032C-8C7B13D49F71}.Release|Any CPU.ActiveCfg = Release|Any CPU
		{C1DF59F9-31DE-049A-032C-8C7B13D49F71}.Release|Any CPU.Build.0 = Release|Any CPU
		{CEDD2A5C-41DE-6C8F-69F1-065309537416}.Debug|Any CPU.ActiveCfg = Debug|Any CPU
		{CEDD2A5C-41DE-6C8F-69F1-065309537416}.Debug|Any CPU.Build.0 = Debug|Any CPU
		{CEDD2A5C-41DE-6C8F-69F1-065309537416}.Release|Any CPU.ActiveCfg = Release|Any CPU
		{CEDD2A5C-41DE-6C8F-69F1-065309537416}.Release|Any CPU.Build.0 = Release|Any CPU
		{26536A3E-932B-D9AC-81D5-68C207B07DF2}.Debug|Any CPU.ActiveCfg = Debug|Any CPU
		{26536A3E-932B-D9AC-81D5-68C207B07DF2}.Debug|Any CPU.Build.0 = Debug|Any CPU
		{26536A3E-932B-D9AC-81D5-68C207B07DF2}.Release|Any CPU.ActiveCfg = Release|Any CPU
		{26536A3E-932B-D9AC-81D5-68C207B07DF2}.Release|Any CPU.Build.0 = Release|Any CPU
		{F9FDFAEA-CCE3-EE88-2FEF-7F3738CC8677}.Debug|Any CPU.ActiveCfg = Debug|Any CPU
		{F9FDFAEA-CCE3-EE88-2FEF-7F3738CC8677}.Debug|Any CPU.Build.0 = Debug|Any CPU
		{F9FDFAEA-CCE3-EE88-2FEF-7F3738CC8677}.Release|Any CPU.ActiveCfg = Release|Any CPU
		{F9FDFAEA-CCE3-EE88-2FEF-7F3738CC8677}.Release|Any CPU.Build.0 = Release|Any CPU
		{E727B5BA-381D-78ED-5A83-CAB8AA4AE8DB}.Debug|Any CPU.ActiveCfg = Debug|Any CPU
		{E727B5BA-381D-78ED-5A83-CAB8AA4AE8DB}.Debug|Any CPU.Build.0 = Debug|Any CPU
		{E727B5BA-381D-78ED-5A83-CAB8AA4AE8DB}.Release|Any CPU.ActiveCfg = Release|Any CPU
		{E727B5BA-381D-78ED-5A83-CAB8AA4AE8DB}.Release|Any CPU.Build.0 = Release|Any CPU
		{6AA951CF-5685-7D61-92C2-3E35385D5A16}.Debug|Any CPU.ActiveCfg = Debug|Any CPU
		{6AA951CF-5685-7D61-92C2-3E35385D5A16}.Debug|Any CPU.Build.0 = Debug|Any CPU
		{6AA951CF-5685-7D61-92C2-3E35385D5A16}.Release|Any CPU.ActiveCfg = Release|Any CPU
		{6AA951CF-5685-7D61-92C2-3E35385D5A16}.Release|Any CPU.Build.0 = Release|Any CPU
		{5A568257-19DB-FDC4-282A-CD2363FF9CF8}.Debug|Any CPU.ActiveCfg = Debug|Any CPU
		{5A568257-19DB-FDC4-282A-CD2363FF9CF8}.Debug|Any CPU.Build.0 = Debug|Any CPU
		{5A568257-19DB-FDC4-282A-CD2363FF9CF8}.Release|Any CPU.ActiveCfg = Release|Any CPU
		{5A568257-19DB-FDC4-282A-CD2363FF9CF8}.Release|Any CPU.Build.0 = Release|Any CPU
		{F8BCA5B7-E229-4F33-F961-C58CD3D5C3D7}.Debug|Any CPU.ActiveCfg = Debug|Any CPU
		{F8BCA5B7-E229-4F33-F961-C58CD3D5C3D7}.Debug|Any CPU.Build.0 = Debug|Any CPU
		{F8BCA5B7-E229-4F33-F961-C58CD3D5C3D7}.Release|Any CPU.ActiveCfg = Release|Any CPU
		{F8BCA5B7-E229-4F33-F961-C58CD3D5C3D7}.Release|Any CPU.Build.0 = Release|Any CPU
		{756F3238-40BB-D8D4-AE3D-D929506E0078}.Debug|Any CPU.ActiveCfg = Debug|Any CPU
		{756F3238-40BB-D8D4-AE3D-D929506E0078}.Debug|Any CPU.Build.0 = Debug|Any CPU
		{756F3238-40BB-D8D4-AE3D-D929506E0078}.Release|Any CPU.ActiveCfg = Release|Any CPU
		{756F3238-40BB-D8D4-AE3D-D929506E0078}.Release|Any CPU.Build.0 = Release|Any CPU
		{06D1ABA0-8F97-1560-0D08-C9BBBC9DD09E}.Debug|Any CPU.ActiveCfg = Debug|Any CPU
		{06D1ABA0-8F97-1560-0D08-C9BBBC9DD09E}.Debug|Any CPU.Build.0 = Debug|Any CPU
		{06D1ABA0-8F97-1560-0D08-C9BBBC9DD09E}.Release|Any CPU.ActiveCfg = Release|Any CPU
		{06D1ABA0-8F97-1560-0D08-C9BBBC9DD09E}.Release|Any CPU.Build.0 = Release|Any CPU
		{629ADCED-EC29-A6C4-8562-D3E114C64668}.Debug|Any CPU.ActiveCfg = Debug|Any CPU
		{629ADCED-EC29-A6C4-8562-D3E114C64668}.Debug|Any CPU.Build.0 = Debug|Any CPU
		{629ADCED-EC29-A6C4-8562-D3E114C64668}.Release|Any CPU.ActiveCfg = Release|Any CPU
		{629ADCED-EC29-A6C4-8562-D3E114C64668}.Release|Any CPU.Build.0 = Release|Any CPU
		{DE4EEA39-CBBF-B945-7350-CD65867BAC67}.Debug|Any CPU.ActiveCfg = Debug|Any CPU
		{DE4EEA39-CBBF-B945-7350-CD65867BAC67}.Debug|Any CPU.Build.0 = Debug|Any CPU
		{DE4EEA39-CBBF-B945-7350-CD65867BAC67}.Release|Any CPU.ActiveCfg = Release|Any CPU
		{DE4EEA39-CBBF-B945-7350-CD65867BAC67}.Release|Any CPU.Build.0 = Release|Any CPU
		{944BACE7-4829-ABDA-8824-109CC6579239}.Debug|Any CPU.ActiveCfg = Debug|Any CPU
		{944BACE7-4829-ABDA-8824-109CC6579239}.Debug|Any CPU.Build.0 = Debug|Any CPU
		{944BACE7-4829-ABDA-8824-109CC6579239}.Release|Any CPU.ActiveCfg = Release|Any CPU
		{944BACE7-4829-ABDA-8824-109CC6579239}.Release|Any CPU.Build.0 = Release|Any CPU
		{70049959-6EDD-8D37-2DB4-901C5CB4E0AC}.Debug|Any CPU.ActiveCfg = Debug|Any CPU
		{70049959-6EDD-8D37-2DB4-901C5CB4E0AC}.Debug|Any CPU.Build.0 = Debug|Any CPU
		{70049959-6EDD-8D37-2DB4-901C5CB4E0AC}.Release|Any CPU.ActiveCfg = Release|Any CPU
		{70049959-6EDD-8D37-2DB4-901C5CB4E0AC}.Release|Any CPU.Build.0 = Release|Any CPU
		{13D5E37F-8242-4641-2173-DEFC65E7722D}.Debug|Any CPU.ActiveCfg = Debug|Any CPU
		{13D5E37F-8242-4641-2173-DEFC65E7722D}.Debug|Any CPU.Build.0 = Debug|Any CPU
		{13D5E37F-8242-4641-2173-DEFC65E7722D}.Release|Any CPU.ActiveCfg = Release|Any CPU
		{13D5E37F-8242-4641-2173-DEFC65E7722D}.Release|Any CPU.Build.0 = Release|Any CPU
		{EAC32D20-5BD7-E37B-6C53-E4D7418148A3}.Debug|Any CPU.ActiveCfg = Debug|Any CPU
		{EAC32D20-5BD7-E37B-6C53-E4D7418148A3}.Debug|Any CPU.Build.0 = Debug|Any CPU
		{EAC32D20-5BD7-E37B-6C53-E4D7418148A3}.Release|Any CPU.ActiveCfg = Release|Any CPU
		{EAC32D20-5BD7-E37B-6C53-E4D7418148A3}.Release|Any CPU.Build.0 = Release|Any CPU
		{8A5A4A40-6B3D-127E-33F2-342E174AD1F9}.Debug|Any CPU.ActiveCfg = Debug|Any CPU
		{8A5A4A40-6B3D-127E-33F2-342E174AD1F9}.Debug|Any CPU.Build.0 = Debug|Any CPU
		{8A5A4A40-6B3D-127E-33F2-342E174AD1F9}.Release|Any CPU.ActiveCfg = Release|Any CPU
		{8A5A4A40-6B3D-127E-33F2-342E174AD1F9}.Release|Any CPU.Build.0 = Release|Any CPU
		{E8EEAD34-1F8E-52F5-4F69-BB647275E2D7}.Debug|Any CPU.ActiveCfg = Debug|Any CPU
		{E8EEAD34-1F8E-52F5-4F69-BB647275E2D7}.Debug|Any CPU.Build.0 = Debug|Any CPU
		{E8EEAD34-1F8E-52F5-4F69-BB647275E2D7}.Release|Any CPU.ActiveCfg = Release|Any CPU
		{E8EEAD34-1F8E-52F5-4F69-BB647275E2D7}.Release|Any CPU.Build.0 = Release|Any CPU
		{D8E75CFD-A9BB-E659-9F37-C2BE6A280347}.Debug|Any CPU.ActiveCfg = Debug|Any CPU
		{D8E75CFD-A9BB-E659-9F37-C2BE6A280347}.Debug|Any CPU.Build.0 = Debug|Any CPU
		{D8E75CFD-A9BB-E659-9F37-C2BE6A280347}.Release|Any CPU.ActiveCfg = Release|Any CPU
		{D8E75CFD-A9BB-E659-9F37-C2BE6A280347}.Release|Any CPU.Build.0 = Release|Any CPU
	EndGlobalSection
	GlobalSection(SolutionProperties) = preSolution
		HideSolutionNode = FALSE
	EndGlobalSection
EndGlobal
